{
    "_meta": {
        "hash": {
            "sha256": "f058fd82888c378c1cfedf39fb1e7690c5188961754fb11e797265d3084ac10c"
        },
        "pipfile-spec": 6,
        "requires": {
            "python_version": "3.10"
        },
        "sources": [
            {
                "name": "pypi",
                "url": "https://pypi.org/simple",
                "verify_ssl": true
            }
        ]
    },
    "default": {
        "attrs": {
            "hashes": [
                "sha256:29adc2665447e5191d0e7c568fde78b21f9672d344281d0c6e1ab085429b22b6",
                "sha256:86efa402f67bf2df34f51a335487cf46b1ec130d02b8d39fd248abfd30da551c"
            ],
            "markers": "python_version >= '3.5'",
            "version": "==22.1.0"
        },
        "exceptiongroup": {
            "hashes": [
                "sha256:4d6c0aa6dd825810941c792f53d7b8d71da26f5e5f84f20f9508e8f2d33b140a",
                "sha256:73866f7f842ede6cb1daa42c4af078e2035e5f7607f0e2c762cc51bb31bbe7b2"
            ],
            "markers": "python_version < '3.11'",
            "version": "==1.0.1"
        },
        "iniconfig": {
            "hashes": [
                "sha256:011e24c64b7f47f6ebd835bb12a743f2fbe9a26d4cecaa7f53bc4f35ee9da8b3",
                "sha256:bc3af051d7d14b2ee5ef9969666def0cd1a000e121eaea580d4a313df4b37f32"
            ],
            "version": "==1.1.1"
        },
        "mypy": {
            "hashes": [
                "sha256:0680389c34284287fe00e82fc8bccdea9aff318f7e7d55b90d967a13a9606013",
                "sha256:1767830da2d1afa4e62b684647af0ff79b401f004d7fa08bc5b0ce2d45bcd5ec",
                "sha256:1ee5f99817ee70254e7eb5cf97c1b11dda29c6893d846c8b07bce449184e9466",
                "sha256:262c543ef24deb10470a3c1c254bb986714e2b6b1a67d66daf836a548a9f316c",
                "sha256:269f0dfb6463b8780333310ff4b5134425157ef0d2b1d614015adaf6d6a7eabd",
                "sha256:2a3150d409609a775c8cb65dbe305c4edd7fe576c22ea79d77d1454acd9aeda8",
                "sha256:2b6f85c2ad378e3224e017904a051b26660087b3b76490d533b7344f1546d3ff",
                "sha256:3227f14fe943524f5794679156488f18bf8d34bfecd4623cf76bc55958d229c5",
                "sha256:3ff201a0c6d3ea029d73b1648943387d75aa052491365b101f6edd5570d018ea",
                "sha256:46897755f944176fbc504178422a5a2875bbf3f7436727374724842c0987b5af",
                "sha256:47a9955214615108c3480a500cfda8513a0b1cd3c09a1ed42764ca0dd7b931dd",
                "sha256:49082382f571c3186ce9ea0bd627cb1345d4da8d44a8377870f4442401f0a706",
                "sha256:4a8a6c10f4c63fbf6ad6c03eba22c9331b3946a4cec97f008e9ffb4d3b31e8e2",
                "sha256:6826d9c4d85bbf6d68cb279b561de6a4d8d778ca8e9ab2d00ee768ab501a9852",
                "sha256:72382cb609142dba3f04140d016c94b4092bc7b4d98ca718740dc989e5271b8d",
                "sha256:7da0005e47975287a92b43276e460ac1831af3d23032c34e67d003388a0ce8d0",
                "sha256:8798c8ed83aa809f053abff08664bdca056038f5a02af3660de00b7290b64c47",
                "sha256:8f1940325a8ed460ba03d19ab83742260fa9534804c317224e5d4e5aa588e2d6",
                "sha256:8f694d6d09a460b117dccb6857dda269188e3437c880d7b60fa0014fa872d1e9",
                "sha256:9b8f4a8213b1fd4b751e26b59ae0e0c12896568d7e805861035c7a15ed6dc9eb",
                "sha256:9d851c09b981a65d9d283a8ccb5b1d0b698e580493416a10942ef1a04b19fd37",
                "sha256:aaf1be63e0207d7d17be942dcf9a6b641745581fe6c64df9a38deb562a7dbafa",
                "sha256:aba38e3dd66bdbafbbfe9c6e79637841928ea4c79b32e334099463c17b0d90ef",
                "sha256:b08541a06eed35b543ae1a6b301590eb61826a1eb099417676ddc5a42aa151c5",
                "sha256:be88d665e76b452c26fb2bdc3d54555c01226fba062b004ede780b190a50f9db",
                "sha256:c76c769c46a1e6062a84837badcb2a7b0cdb153d68601a61f60739c37d41cc74",
                "sha256:cc6019808580565040cd2a561b593d7c3c646badd7e580e07d875eb1bf35c695",
                "sha256:cd2dd3730ba894ec2a2082cc703fbf3e95a08479f7be84912e3131fc68809d46",
                "sha256:d555aa7f44cecb7ea3c0ac69d58b1a5afb92caa017285a8e9c4efbf0518b61b4",
                "sha256:d847dd23540e2912d9667602271e5ebf25e5788e7da46da5ffd98e7872616e8e"
            ],
            "index": "pypi",
            "version": "==0.990"
        },
        "mypy-extensions": {
            "hashes": [
                "sha256:090fedd75945a69ae91ce1303b5824f428daf5a028d2f6ab8a299250a846f15d",
                "sha256:2d82818f5bb3e369420cb3c4060a7970edba416647068eb4c5343488a6c604a8"
            ],
            "version": "==0.4.3"
        },
        "nodeenv": {
            "hashes": [
                "sha256:27083a7b96a25f2f5e1d8cb4b6317ee8aeda3bdd121394e5ac54e498028a042e",
                "sha256:e0e7f7dfb85fc5394c6fe1e8fa98131a2473e04311a45afb6508f7cf1836fa2b"
            ],
            "markers": "python_version >= '2.7' and python_version not in '3.0, 3.1, 3.2, 3.3, 3.4, 3.5, 3.6'",
            "version": "==1.7.0"
        },
        "numpy": {
            "hashes": [
                "sha256:0fe563fc8ed9dc4474cbf70742673fc4391d70f4363f917599a7fa99f042d5a8",
                "sha256:12ac457b63ec8ded85d85c1e17d85efd3c2b0967ca39560b307a35a6703a4735",
                "sha256:2341f4ab6dba0834b685cce16dad5f9b6606ea8a00e6da154f5dbded70fdc4dd",
                "sha256:296d17aed51161dbad3c67ed6d164e51fcd18dbcd5dd4f9d0a9c6055dce30810",
                "sha256:488a66cb667359534bc70028d653ba1cf307bae88eab5929cd707c761ff037db",
                "sha256:4d52914c88b4930dafb6c48ba5115a96cbab40f45740239d9f4159c4ba779962",
                "sha256:5e13030f8793e9ee42f9c7d5777465a560eb78fa7e11b1c053427f2ccab90c79",
                "sha256:61be02e3bf810b60ab74e81d6d0d36246dbfb644a462458bb53b595791251911",
                "sha256:7607b598217745cc40f751da38ffd03512d33ec06f3523fb0b5f82e09f6f676d",
                "sha256:7a70a7d3ce4c0e9284e92285cba91a4a3f5214d87ee0e95928f3614a256a1488",
                "sha256:7ab46e4e7ec63c8a5e6dbf5c1b9e1c92ba23a7ebecc86c336cb7bf3bd2fb10e5",
                "sha256:8981d9b5619569899666170c7c9748920f4a5005bf79c72c07d08c8a035757b0",
                "sha256:8c053d7557a8f022ec823196d242464b6955a7e7e5015b719e76003f63f82d0f",
                "sha256:926db372bc4ac1edf81cfb6c59e2a881606b409ddc0d0920b988174b2e2a767f",
                "sha256:95d79ada05005f6f4f337d3bb9de8a7774f259341c70bc88047a1f7b96a4bcb2",
                "sha256:95de7dc7dc47a312f6feddd3da2500826defdccbc41608d0031276a24181a2c0",
                "sha256:a0882323e0ca4245eb0a3d0a74f88ce581cc33aedcfa396e415e5bba7bf05f68",
                "sha256:a8365b942f9c1a7d0f0dc974747d99dd0a0cdfc5949a33119caf05cb314682d3",
                "sha256:a8aae2fb3180940011b4862b2dd3756616841c53db9734b27bb93813cd79fce6",
                "sha256:c237129f0e732885c9a6076a537e974160482eab8f10db6292e92154d4c67d71",
                "sha256:c67b833dbccefe97cdd3f52798d430b9d3430396af7cdb2a0c32954c3ef73894",
                "sha256:ce03305dd694c4873b9429274fd41fc7eb4e0e4dea07e0af97a933b079a5814f",
                "sha256:d331afac87c92373826af83d2b2b435f57b17a5c74e6268b79355b970626e329",
                "sha256:dada341ebb79619fe00a291185bba370c9803b1e1d7051610e01ed809ef3a4ba",
                "sha256:ed2cc92af0efad20198638c69bb0fc2870a58dabfba6eb722c933b48556c686c",
                "sha256:f260da502d7441a45695199b4e7fd8ca87db659ba1c78f2bbf31f934fe76ae0e",
                "sha256:f2f390aa4da44454db40a1f0201401f9036e8d578a25f01a6e237cea238337ef",
                "sha256:f76025acc8e2114bb664294a07ede0727aa75d63a06d2fae96bf29a81747e4a7"
            ],
            "markers": "python_version >= '3.8'",
            "version": "==1.23.4"
        },
        "packaging": {
            "hashes": [
                "sha256:dd47c42927d89ab911e606518907cc2d3a1f38bbd026385970643f9c5b8ecfeb",
                "sha256:ef103e05f519cdc783ae24ea4e2e0f508a9c99b2d4969652eed6a2e1ea5bd522"
            ],
            "markers": "python_version >= '3.6'",
            "version": "==21.3"
        },
        "pillow": {
            "hashes": [
                "sha256:03150abd92771742d4a8cd6f2fa6246d847dcd2e332a18d0c15cc75bf6703040",
                "sha256:073adb2ae23431d3b9bcbcff3fe698b62ed47211d0716b067385538a1b0f28b8",
                "sha256:0b07fffc13f474264c336298d1b4ce01d9c5a011415b79d4ee5527bb69ae6f65",
                "sha256:0b7257127d646ff8676ec8a15520013a698d1fdc48bc2a79ba4e53df792526f2",
                "sha256:12ce4932caf2ddf3e41d17fc9c02d67126935a44b86df6a206cf0d7161548627",
                "sha256:15c42fb9dea42465dfd902fb0ecf584b8848ceb28b41ee2b58f866411be33f07",
                "sha256:18498994b29e1cf86d505edcb7edbe814d133d2232d256db8c7a8ceb34d18cef",
                "sha256:1c7c8ae3864846fc95f4611c78129301e203aaa2af813b703c55d10cc1628535",
                "sha256:22b012ea2d065fd163ca096f4e37e47cd8b59cf4b0fd47bfca6abb93df70b34c",
                "sha256:276a5ca930c913f714e372b2591a22c4bd3b81a418c0f6635ba832daec1cbcfc",
                "sha256:2e0918e03aa0c72ea56edbb00d4d664294815aa11291a11504a377ea018330d3",
                "sha256:3033fbe1feb1b59394615a1cafaee85e49d01b51d54de0cbf6aa8e64182518a1",
                "sha256:3168434d303babf495d4ba58fc22d6604f6e2afb97adc6a423e917dab828939c",
                "sha256:32a44128c4bdca7f31de5be641187367fe2a450ad83b833ef78910397db491aa",
                "sha256:3dd6caf940756101205dffc5367babf288a30043d35f80936f9bfb37f8355b32",
                "sha256:40e1ce476a7804b0fb74bcfa80b0a2206ea6a882938eaba917f7a0f004b42502",
                "sha256:41e0051336807468be450d52b8edd12ac60bebaa97fe10c8b660f116e50b30e4",
                "sha256:4390e9ce199fc1951fcfa65795f239a8a4944117b5935a9317fb320e7767b40f",
                "sha256:502526a2cbfa431d9fc2a079bdd9061a2397b842bb6bc4239bb176da00993812",
                "sha256:51e0e543a33ed92db9f5ef69a0356e0b1a7a6b6a71b80df99f1d181ae5875636",
                "sha256:57751894f6618fd4308ed8e0c36c333e2f5469744c34729a27532b3db106ee20",
                "sha256:5d77adcd56a42d00cc1be30843d3426aa4e660cab4a61021dc84467123f7a00c",
                "sha256:655a83b0058ba47c7c52e4e2df5ecf484c1b0b0349805896dd350cbc416bdd91",
                "sha256:68943d632f1f9e3dce98908e873b3a090f6cba1cbb1b892a9e8d97c938871fbe",
                "sha256:6c738585d7a9961d8c2821a1eb3dcb978d14e238be3d70f0a706f7fa9316946b",
                "sha256:73bd195e43f3fadecfc50c682f5055ec32ee2c933243cafbfdec69ab1aa87cad",
                "sha256:772a91fc0e03eaf922c63badeca75e91baa80fe2f5f87bdaed4280662aad25c9",
                "sha256:77ec3e7be99629898c9a6d24a09de089fa5356ee408cdffffe62d67bb75fdd72",
                "sha256:7db8b751ad307d7cf238f02101e8e36a128a6cb199326e867d1398067381bff4",
                "sha256:801ec82e4188e935c7f5e22e006d01611d6b41661bba9fe45b60e7ac1a8f84de",
                "sha256:82409ffe29d70fd733ff3c1025a602abb3e67405d41b9403b00b01debc4c9a29",
                "sha256:828989c45c245518065a110434246c44a56a8b2b2f6347d1409c787e6e4651ee",
                "sha256:829f97c8e258593b9daa80638aee3789b7df9da5cf1336035016d76f03b8860c",
                "sha256:871b72c3643e516db4ecf20efe735deb27fe30ca17800e661d769faab45a18d7",
                "sha256:89dca0ce00a2b49024df6325925555d406b14aa3efc2f752dbb5940c52c56b11",
                "sha256:90fb88843d3902fe7c9586d439d1e8c05258f41da473952aa8b328d8b907498c",
                "sha256:97aabc5c50312afa5e0a2b07c17d4ac5e865b250986f8afe2b02d772567a380c",
                "sha256:9aaa107275d8527e9d6e7670b64aabaaa36e5b6bd71a1015ddd21da0d4e06448",
                "sha256:9f47eabcd2ded7698106b05c2c338672d16a6f2a485e74481f524e2a23c2794b",
                "sha256:a0a06a052c5f37b4ed81c613a455a81f9a3a69429b4fd7bb913c3fa98abefc20",
                "sha256:ab388aaa3f6ce52ac1cb8e122c4bd46657c15905904b3120a6248b5b8b0bc228",
                "sha256:ad58d27a5b0262c0c19b47d54c5802db9b34d38bbf886665b626aff83c74bacd",
                "sha256:ae5331c23ce118c53b172fa64a4c037eb83c9165aba3a7ba9ddd3ec9fa64a699",
                "sha256:af0372acb5d3598f36ec0914deed2a63f6bcdb7b606da04dc19a88d31bf0c05b",
                "sha256:afa4107d1b306cdf8953edde0534562607fe8811b6c4d9a486298ad31de733b2",
                "sha256:b03ae6f1a1878233ac620c98f3459f79fd77c7e3c2b20d460284e1fb370557d4",
                "sha256:b0915e734b33a474d76c28e07292f196cdf2a590a0d25bcc06e64e545f2d146c",
                "sha256:b4012d06c846dc2b80651b120e2cdd787b013deb39c09f407727ba90015c684f",
                "sha256:b472b5ea442148d1c3e2209f20f1e0bb0eb556538690fa70b5e1f79fa0ba8dc2",
                "sha256:b59430236b8e58840a0dfb4099a0e8717ffb779c952426a69ae435ca1f57210c",
                "sha256:b90f7616ea170e92820775ed47e136208e04c967271c9ef615b6fbd08d9af0e3",
                "sha256:b9a65733d103311331875c1dca05cb4606997fd33d6acfed695b1232ba1df193",
                "sha256:bac18ab8d2d1e6b4ce25e3424f709aceef668347db8637c2296bcf41acb7cf48",
                "sha256:bca31dd6014cb8b0b2db1e46081b0ca7d936f856da3b39744aef499db5d84d02",
                "sha256:be55f8457cd1eac957af0c3f5ece7bc3f033f89b114ef30f710882717670b2a8",
                "sha256:c7025dce65566eb6e89f56c9509d4f628fddcedb131d9465cacd3d8bac337e7e",
                "sha256:c935a22a557a560108d780f9a0fc426dd7459940dc54faa49d83249c8d3e760f",
                "sha256:dbb8e7f2abee51cef77673be97760abff1674ed32847ce04b4af90f610144c7b",
                "sha256:e6ea6b856a74d560d9326c0f5895ef8050126acfdc7ca08ad703eb0081e82b74",
                "sha256:ebf2029c1f464c59b8bdbe5143c79fa2045a581ac53679733d3a91d400ff9efb",
                "sha256:f1ff2ee69f10f13a9596480335f406dd1f70c3650349e2be67ca3139280cade0"
            ],
            "markers": "python_version >= '3.7'",
            "version": "==9.3.0"
        },
        "pluggy": {
            "hashes": [
                "sha256:4224373bacce55f955a878bf9cfa763c1e360858e330072059e10bad68531159",
                "sha256:74134bbf457f031a36d68416e1509f34bd5ccc019f0bcc952c7b909d06b37bd3"
            ],
            "markers": "python_version >= '3.6'",
            "version": "==1.0.0"
        },
        "pyparsing": {
            "hashes": [
                "sha256:2b020ecf7d21b687f219b71ecad3631f644a47f01403fa1d1036b0c6416d70fb",
                "sha256:5026bae9a10eeaefb61dab2f09052b9f4307d44aee4eda64b309723d8d206bbc"
            ],
            "markers": "python_full_version >= '3.6.8'",
            "version": "==3.0.9"
        },
        "pyright": {
            "hashes": [
                "sha256:5eaa6830c0a701dc72586277be98d35762d2c27e01a9c2fbf01ee4e84e785797",
                "sha256:6f3ac7d12e036e0d1a57c1581d03d781e99b42408b8a6f0ef8ae85bcfe58fa57"
            ],
            "index": "pypi",
            "version": "==1.1.279"
        },
        "pytest": {
            "hashes": [
                "sha256:892f933d339f068883b6fd5a459f03d85bfcb355e4981e146d2c7616c21fef71",
                "sha256:c4014eb40e10f11f355ad4e3c2fb2c6c6d1919c73f3b5a433de4708202cade59"
            ],
            "index": "pypi",
            "version": "==7.2.0"
        },
        "rdkit": {
            "hashes": [
                "sha256:145b02979302b9f9d35f1ce3156defbec23a141a2878c8d9fa292d8ea4cf87ca",
                "sha256:508650329edf5e4714aff043e75e0f05b65c8642542b016a55af9fa233d9eaa6",
                "sha256:524db0c4806923f511d7a89ebf4de857a2d95951015bd05c021580e34f9c83a0",
                "sha256:6f884c9c69026a5d76043ca629ad8d5746b80489713842ccf61af058af71ce34",
                "sha256:73eb533d4927c691a8d26a80ac13da6482e834f04a6b8cb7049278b74fd6a8da",
                "sha256:7f93bd02dd61eb5bb1031ca1ebe6f59bc9c26ac71af0deaa737e3161f60c63b1",
                "sha256:8fb813a5d41e8809ac54f2de9d5fcac2c3013c7fbbee5382f77cce98064b30de",
                "sha256:96d43f23c272b5b4904aae936a00c9323c175fc9702b368eff9ab288fdc6f28e",
                "sha256:9f60cb76b5fd43429665a55b06ea467025b7acdc056baf308460679eede69174",
                "sha256:a898db97b7dafaa0283eb19cdb13ce4c32719ea45e074f49fc623ff7e24784d6",
                "sha256:aaa4f276f5b549e49e3a574d2a6e258e4a15f95dffefa2bbbfcca102e096d80a",
                "sha256:b0fec7b70f2839a4d702914ea5e08c0921128785e8b6db6b38cd3bae83d587c2",
                "sha256:b12f7beef3bc7e965b4436260cf00e705a00d471bc2be1400663128a107ee76a",
                "sha256:b900dba6001889f2a3f10271ee820873dc23c3feceeb185e98dd54545a5bf800",
                "sha256:bf9af0ff604338cbc603e0a614af191e4ef2c376b4e0534e54778431b039ccf7",
                "sha256:c3347ae4705625ae1cdfb4258da6a6e517545ced096bf790f183d4f828541a35",
                "sha256:d62fbe0c7564eb9072287b458c049d9af38542aa0f2460bf89e291f41390ccbc",
                "sha256:e75e0d7a5185088992441b28870d5583a1fe14f1f9c856012901b1362381c88d",
                "sha256:fe7461544c0316a38a6bb12cbf18174608d9dd8f5e3dbc658ea30e487ffbe1e6"
            ],
            "index": "pypi",
            "version": "==2022.03.3"
        },
        "rdkit-stubs": {
            "editable": true,
            "file": "file:///home/a/d/rdkit-stubs"
        },
        "setuptools": {
            "hashes": [
                "sha256:d0b9a8433464d5800cbe05094acf5c6d52a91bfac9b52bcfc4d41382be5d5d31",
                "sha256:e197a19aa8ec9722928f2206f8de752def0e4c9fc6953527360d1c36d94ddb2f"
            ],
            "markers": "python_version >= '3.7'",
            "version": "==65.5.1"
        },
        "tomli": {
            "hashes": [
                "sha256:939de3e7a6161af0c887ef91b7d41a53e7c5a1ca976325f429cb46ea9bc30ecc",
                "sha256:de526c12914f0c550d15924c62d72abc48d6fe7364aa87328337a31007fe8a4f"
            ],
            "markers": "python_version < '3.11'",
            "version": "==2.0.1"
        },
        "typing-extensions": {
            "hashes": [
                "sha256:1511434bb92bf8dd198c12b1cc812e800d4181cfcb867674e0f8279cc93087aa",
                "sha256:16fa4864408f655d35ec496218b85f79b3437c829e93320c7c9215ccfd92489e"
            ],
            "markers": "python_version >= '3.7'",
            "version": "==4.4.0"
        }
    },
    "develop": {}
}
